
Microsoft Visual Studio Solution File, Format Version 12.00
# Visual Studio 15
VisualStudioVersion = 15.0.27428.2011
MinimumVisualStudioVersion = 10.0.40219.1
Project("{FAE04EC0-301F-11D3-BF4B-00C04F79EFBC}") = "NumericalDistribution", "NumericalDistribution\NumericalDistribution.csproj", "{961E9D63-673F-4479-86D4-FAB972317CFF}"
EndProject
Global
	GlobalSection(SolutionConfigurationPlatforms) = preSolution
		Debug|Any CPU = Debug|Any CPU
		Release|Any CPU = Release|Any CPU
	EndGlobalSection
	GlobalSection(ProjectConfigurationPlatforms) = postSolution
		{961E9D63-673F-4479-86D4-FAB972317CFF}.Debug|Any CPU.ActiveCfg = Debug|Any CPU
		{961E9D63-673F-4479-86D4-FAB972317CFF}.Debug|Any CPU.Build.0 = Debug|Any CPU
		{961E9D63-673F-4479-86D4-FAB972317CFF}.Release|Any CPU.ActiveCfg = Release|Any CPU
		{961E9D63-673F-4479-86D4-FAB972317CFF}.Release|Any CPU.Build.0 = Release|Any CPU
	EndGlobalSection
	GlobalSection(SolutionProperties) = preSolution
		HideSolutionNode = FALSE
	EndGlobalSection
	GlobalSection(ExtensibilityGlobals) = postSolution
		SolutionGuid = {EB6A2248-C7DE-4AA2-8994-F592C0EF00E1}
	EndGlobalSection
EndGlobal
